
Microsoft Visual Studio Solution File, Format Version 12.00
# Visual Studio 15
VisualStudioVersion = 15.0.28010.2041
MinimumVisualStudioVersion = 10.0.40219.1
Project("{FAE04EC0-301F-11D3-BF4B-00C04F79EFBC}") = "WebApplication_EjemploClase", "WebApplication_EjemploClase\WebApplication_EjemploClase.csproj", "{35B2EF24-5AC8-464E-90E2-EC5D9ECD5A60}"
EndProject
Global
	GlobalSection(SolutionConfigurationPlatforms) = preSolution
		Debug|Any CPU = Debug|Any CPU
		Release|Any CPU = Release|Any CPU
	EndGlobalSection
	GlobalSection(ProjectConfigurationPlatforms) = postSolution
		{35B2EF24-5AC8-464E-90E2-EC5D9ECD5A60}.Debug|Any CPU.ActiveCfg = Debug|Any CPU
		{35B2EF24-5AC8-464E-90E2-EC5D9ECD5A60}.Debug|Any CPU.Build.0 = Debug|Any CPU
		{35B2EF24-5AC8-464E-90E2-EC5D9ECD5A60}.Release|Any CPU.ActiveCfg = Release|Any CPU
		{35B2EF24-5AC8-464E-90E2-EC5D9ECD5A60}.Release|Any CPU.Build.0 = Release|Any CPU
	EndGlobalSection
	GlobalSection(SolutionProperties) = preSolution
		HideSolutionNode = FALSE
	EndGlobalSection
	GlobalSection(ExtensibilityGlobals) = postSolution
		SolutionGuid = {7145800F-7927-490C-B444-4482D1B077D5}
	EndGlobalSection
EndGlobal
